// !$*UTF8*$!
{
	archiveVersion = 1;
	classes = {
	};
	objectVersion = 55;
	objects = {

/* Begin PBXBuildFile section */
		281B3B3327BF327600D19E65 /* LoginVCTests.m in Sources */ = {isa = PBXBuildFile; fileRef = 281B3B3227BF327600D19E65 /* LoginVCTests.m */; };
		660C74B727B15E220085BA8D /* ProfileViewController.m in Sources */ = {isa = PBXBuildFile; fileRef = 660C74B627B15E220085BA8D /* ProfileViewController.m */; };
		66145D4027BD53F100E2ACE7 /* AnalyzeData.m in Sources */ = {isa = PBXBuildFile; fileRef = 66145D3F27BD53F100E2ACE7 /* AnalyzeData.m */; };
		662343A827B35F22002A29D4 /* Receipt.m in Sources */ = {isa = PBXBuildFile; fileRef = 662343A727B35F22002A29D4 /* Receipt.m */; };
		662343AB27B36D43002A29D4 /* ScannerViewController.m in Sources */ = {isa = PBXBuildFile; fileRef = 662343AA27B36D43002A29D4 /* ScannerViewController.m */; };
		6623F22C27B2A597009CFF54 /* AddProductViewController.m in Sources */ = {isa = PBXBuildFile; fileRef = 6623F22B27B2A597009CFF54 /* AddProductViewController.m */; };
		6623F22F27B2D07A009CFF54 /* Product.m in Sources */ = {isa = PBXBuildFile; fileRef = 6623F22E27B2D07A009CFF54 /* Product.m */; };
		6623F23227B2D1C5009CFF54 /* EditProductViewController.m in Sources */ = {isa = PBXBuildFile; fileRef = 6623F23127B2D1C5009CFF54 /* EditProductViewController.m */; };
		6630D86727B8015200892A7E /* ShowReceiptByDateViewController.m in Sources */ = {isa = PBXBuildFile; fileRef = 6630D86627B8015200892A7E /* ShowReceiptByDateViewController.m */; };
		663C6CFF27B4E9510073C1CB /* ShowReceiptViewController.m in Sources */ = {isa = PBXBuildFile; fileRef = 663C6CFE27B4E9510073C1CB /* ShowReceiptViewController.m */; };
		663C6D0527B506CC0073C1CB /* ReceiptTableViewCell.m in Sources */ = {isa = PBXBuildFile; fileRef = 663C6D0427B506CC0073C1CB /* ReceiptTableViewCell.m */; };
		663C6D0827B55AF70073C1CB /* ShowReceiptDetailViewController.m in Sources */ = {isa = PBXBuildFile; fileRef = 663C6D0727B55AF70073C1CB /* ShowReceiptDetailViewController.m */; };
		663C6D0B27B5721A0073C1CB /* ShowProductTableViewCell.m in Sources */ = {isa = PBXBuildFile; fileRef = 663C6D0A27B5721A0073C1CB /* ShowProductTableViewCell.m */; };
		664E920727B0FAA700EE53C1 /* AppDelegate.m in Sources */ = {isa = PBXBuildFile; fileRef = 664E920627B0FAA700EE53C1 /* AppDelegate.m */; };
		664E920A27B0FAA700EE53C1 /* SceneDelegate.m in Sources */ = {isa = PBXBuildFile; fileRef = 664E920927B0FAA700EE53C1 /* SceneDelegate.m */; };
		664E921027B0FAA700EE53C1 /* Main.storyboard in Resources */ = {isa = PBXBuildFile; fileRef = 664E920E27B0FAA700EE53C1 /* Main.storyboard */; };
		664E921227B0FAAA00EE53C1 /* Assets.xcassets in Resources */ = {isa = PBXBuildFile; fileRef = 664E921127B0FAAA00EE53C1 /* Assets.xcassets */; };
		664E921527B0FAAA00EE53C1 /* LaunchScreen.storyboard in Resources */ = {isa = PBXBuildFile; fileRef = 664E921327B0FAAA00EE53C1 /* LaunchScreen.storyboard */; };
		664E921827B0FAAA00EE53C1 /* main.m in Sources */ = {isa = PBXBuildFile; fileRef = 664E921727B0FAAA00EE53C1 /* main.m */; };
		664E922327B11F6E00EE53C1 /* LoginViewController.m in Sources */ = {isa = PBXBuildFile; fileRef = 664E922227B11F6E00EE53C1 /* LoginViewController.m */; };
		664E922627B120DC00EE53C1 /* SignUpViewController.m in Sources */ = {isa = PBXBuildFile; fileRef = 664E922527B120DC00EE53C1 /* SignUpViewController.m */; };
		665119E927B6472300E6B4FF /* WinningReceiptViewController.m in Sources */ = {isa = PBXBuildFile; fileRef = 665119E827B6472300E6B4FF /* WinningReceiptViewController.m */; };
		665119EC27B64CDC00E6B4FF /* ShowWinningReceiptViewController.m in Sources */ = {isa = PBXBuildFile; fileRef = 665119EB27B64CDC00E6B4FF /* ShowWinningReceiptViewController.m */; };
		665119EF27B6737E00E6B4FF /* WinningReceiptTableViewCell.m in Sources */ = {isa = PBXBuildFile; fileRef = 665119EE27B6737E00E6B4FF /* WinningReceiptTableViewCell.m */; };
		665119F227B6837B00E6B4FF /* ShowWinningReceiptDetailViewController.m in Sources */ = {isa = PBXBuildFile; fileRef = 665119F127B6837B00E6B4FF /* ShowWinningReceiptDetailViewController.m */; };
		665119F527B692D000E6B4FF /* ShowWinningProductTableViewCell.m in Sources */ = {isa = PBXBuildFile; fileRef = 665119F427B692D000E6B4FF /* ShowWinningProductTableViewCell.m */; };
		6657BD3627BE8100004951E5 /* ReceiptApp_OCTests.m in Sources */ = {isa = PBXBuildFile; fileRef = 6657BD3527BE8100004951E5 /* ReceiptApp_OCTests.m */; };
		6675008F27B9F5A700541429 /* AnalyzeViewController.m in Sources */ = {isa = PBXBuildFile; fileRef = 6675008E27B9F5A700541429 /* AnalyzeViewController.m */; };
		6675009227BA417300541429 /* YearTextField.m in Sources */ = {isa = PBXBuildFile; fileRef = 6675009127BA417300541429 /* YearTextField.m */; };
		6675009527BA489000541429 /* MonthTextField.m in Sources */ = {isa = PBXBuildFile; fileRef = 6675009427BA489000541429 /* MonthTextField.m */; };
		6675009827BA48CD00541429 /* DayTextField.m in Sources */ = {isa = PBXBuildFile; fileRef = 6675009727BA48CD00541429 /* DayTextField.m */; };
		6675009B27BA491D00541429 /* receipt2NumberTextField.m in Sources */ = {isa = PBXBuildFile; fileRef = 6675009A27BA491D00541429 /* receipt2NumberTextField.m */; };
		6675009E27BA496600541429 /* Receipt8NumberTextField.m in Sources */ = {isa = PBXBuildFile; fileRef = 6675009D27BA496600541429 /* Receipt8NumberTextField.m */; };
		66820EAB27B956A700433D71 /* ShowReceiptBySearchViewController.m in Sources */ = {isa = PBXBuildFile; fileRef = 66820EAA27B956A700433D71 /* ShowReceiptBySearchViewController.m */; };
		66F2368827B24F1E007EB844 /* AddReceiptViewController.m in Sources */ = {isa = PBXBuildFile; fileRef = 66F2368727B24F1E007EB844 /* AddReceiptViewController.m */; };
		66F2368B27B26D11007EB844 /* ProductTableViewCell.m in Sources */ = {isa = PBXBuildFile; fileRef = 66F2368A27B26D11007EB844 /* ProductTableViewCell.m */; };
		66F490FB27BAB8E6007460F4 /* GoogleService-Info.plist in Resources */ = {isa = PBXBuildFile; fileRef = 66F490FA27BAB8E6007460F4 /* GoogleService-Info.plist */; };
		8A8CA207D3E530DA3C0580F6 /* Pods_ReceiptApp_OCTests.framework in Frameworks */ = {isa = PBXBuildFile; fileRef = 9C6327353FBD3ABB52C839EC /* Pods_ReceiptApp_OCTests.framework */; };
		A3DF69ECED19F4720B6A19B5 /* Pods_ReceiptApp_OC.framework in Frameworks */ = {isa = PBXBuildFile; fileRef = 3DDA33B471F6D3793FC6F102 /* Pods_ReceiptApp_OC.framework */; };
/* End PBXBuildFile section */

/* Begin PBXContainerItemProxy section */
		6657BD3727BE8100004951E5 /* PBXContainerItemProxy */ = {
			isa = PBXContainerItemProxy;
			containerPortal = 664E91FA27B0FAA700EE53C1 /* Project object */;
			proxyType = 1;
			remoteGlobalIDString = 664E920127B0FAA700EE53C1;
			remoteInfo = ReceiptApp_OC;
		};
/* End PBXContainerItemProxy section */

/* Begin PBXFileReference section */
		0CBEAFCF9B407A9125EE114C /* Pods-ReceiptApp_OCTests.debug.xcconfig */ = {isa = PBXFileReference; includeInIndex = 1; lastKnownFileType = text.xcconfig; name = "Pods-ReceiptApp_OCTests.debug.xcconfig"; path = "Target Support Files/Pods-ReceiptApp_OCTests/Pods-ReceiptApp_OCTests.debug.xcconfig"; sourceTree = "<group>"; };
		281B3B3227BF327600D19E65 /* LoginVCTests.m */ = {isa = PBXFileReference; lastKnownFileType = sourcecode.c.objc; path = LoginVCTests.m; sourceTree = "<group>"; };
		3DDA33B471F6D3793FC6F102 /* Pods_ReceiptApp_OC.framework */ = {isa = PBXFileReference; explicitFileType = wrapper.framework; includeInIndex = 0; path = Pods_ReceiptApp_OC.framework; sourceTree = BUILT_PRODUCTS_DIR; };
		3F624C6FBE5C3D9CBD5A37DD /* Pods-ReceiptApp_OC.debug.xcconfig */ = {isa = PBXFileReference; includeInIndex = 1; lastKnownFileType = text.xcconfig; name = "Pods-ReceiptApp_OC.debug.xcconfig"; path = "Target Support Files/Pods-ReceiptApp_OC/Pods-ReceiptApp_OC.debug.xcconfig"; sourceTree = "<group>"; };
		660C74B527B15E220085BA8D /* ProfileViewController.h */ = {isa = PBXFileReference; lastKnownFileType = sourcecode.c.h; path = ProfileViewController.h; sourceTree = "<group>"; };
		660C74B627B15E220085BA8D /* ProfileViewController.m */ = {isa = PBXFileReference; lastKnownFileType = sourcecode.c.objc; path = ProfileViewController.m; sourceTree = "<group>"; };
		66145D3E27BD53F100E2ACE7 /* AnalyzeData.h */ = {isa = PBXFileReference; lastKnownFileType = sourcecode.c.h; path = AnalyzeData.h; sourceTree = "<group>"; };
		66145D3F27BD53F100E2ACE7 /* AnalyzeData.m */ = {isa = PBXFileReference; lastKnownFileType = sourcecode.c.objc; path = AnalyzeData.m; sourceTree = "<group>"; };
		662343A627B35F22002A29D4 /* Receipt.h */ = {isa = PBXFileReference; lastKnownFileType = sourcecode.c.h; path = Receipt.h; sourceTree = "<group>"; };
		662343A727B35F22002A29D4 /* Receipt.m */ = {isa = PBXFileReference; lastKnownFileType = sourcecode.c.objc; path = Receipt.m; sourceTree = "<group>"; };
		662343A927B36D43002A29D4 /* ScannerViewController.h */ = {isa = PBXFileReference; lastKnownFileType = sourcecode.c.h; path = ScannerViewController.h; sourceTree = "<group>"; };
		662343AA27B36D43002A29D4 /* ScannerViewController.m */ = {isa = PBXFileReference; lastKnownFileType = sourcecode.c.objc; path = ScannerViewController.m; sourceTree = "<group>"; };
		6623F22A27B2A597009CFF54 /* AddProductViewController.h */ = {isa = PBXFileReference; lastKnownFileType = sourcecode.c.h; path = AddProductViewController.h; sourceTree = "<group>"; };
		6623F22B27B2A597009CFF54 /* AddProductViewController.m */ = {isa = PBXFileReference; lastKnownFileType = sourcecode.c.objc; path = AddProductViewController.m; sourceTree = "<group>"; };
		6623F22D27B2D07A009CFF54 /* Product.h */ = {isa = PBXFileReference; lastKnownFileType = sourcecode.c.h; path = Product.h; sourceTree = "<group>"; };
		6623F22E27B2D07A009CFF54 /* Product.m */ = {isa = PBXFileReference; lastKnownFileType = sourcecode.c.objc; path = Product.m; sourceTree = "<group>"; };
		6623F23027B2D1C5009CFF54 /* EditProductViewController.h */ = {isa = PBXFileReference; lastKnownFileType = sourcecode.c.h; path = EditProductViewController.h; sourceTree = "<group>"; };
		6623F23127B2D1C5009CFF54 /* EditProductViewController.m */ = {isa = PBXFileReference; lastKnownFileType = sourcecode.c.objc; path = EditProductViewController.m; sourceTree = "<group>"; };
		6630D86527B8015200892A7E /* ShowReceiptByDateViewController.h */ = {isa = PBXFileReference; lastKnownFileType = sourcecode.c.h; path = ShowReceiptByDateViewController.h; sourceTree = "<group>"; };
		6630D86627B8015200892A7E /* ShowReceiptByDateViewController.m */ = {isa = PBXFileReference; lastKnownFileType = sourcecode.c.objc; path = ShowReceiptByDateViewController.m; sourceTree = "<group>"; };
		663C6CFD27B4E9510073C1CB /* ShowReceiptViewController.h */ = {isa = PBXFileReference; lastKnownFileType = sourcecode.c.h; path = ShowReceiptViewController.h; sourceTree = "<group>"; };
		663C6CFE27B4E9510073C1CB /* ShowReceiptViewController.m */ = {isa = PBXFileReference; lastKnownFileType = sourcecode.c.objc; path = ShowReceiptViewController.m; sourceTree = "<group>"; };
		663C6D0327B506CC0073C1CB /* ReceiptTableViewCell.h */ = {isa = PBXFileReference; lastKnownFileType = sourcecode.c.h; path = ReceiptTableViewCell.h; sourceTree = "<group>"; };
		663C6D0427B506CC0073C1CB /* ReceiptTableViewCell.m */ = {isa = PBXFileReference; lastKnownFileType = sourcecode.c.objc; path = ReceiptTableViewCell.m; sourceTree = "<group>"; };
		663C6D0627B55AF70073C1CB /* ShowReceiptDetailViewController.h */ = {isa = PBXFileReference; lastKnownFileType = sourcecode.c.h; path = ShowReceiptDetailViewController.h; sourceTree = "<group>"; };
		663C6D0727B55AF70073C1CB /* ShowReceiptDetailViewController.m */ = {isa = PBXFileReference; lastKnownFileType = sourcecode.c.objc; path = ShowReceiptDetailViewController.m; sourceTree = "<group>"; };
		663C6D0927B5721A0073C1CB /* ShowProductTableViewCell.h */ = {isa = PBXFileReference; lastKnownFileType = sourcecode.c.h; path = ShowProductTableViewCell.h; sourceTree = "<group>"; };
		663C6D0A27B5721A0073C1CB /* ShowProductTableViewCell.m */ = {isa = PBXFileReference; lastKnownFileType = sourcecode.c.objc; path = ShowProductTableViewCell.m; sourceTree = "<group>"; };
		664E920227B0FAA700EE53C1 /* ReceiptApp_OC.app */ = {isa = PBXFileReference; explicitFileType = wrapper.application; includeInIndex = 0; path = ReceiptApp_OC.app; sourceTree = BUILT_PRODUCTS_DIR; };
		664E920527B0FAA700EE53C1 /* AppDelegate.h */ = {isa = PBXFileReference; lastKnownFileType = sourcecode.c.h; path = AppDelegate.h; sourceTree = "<group>"; };
		664E920627B0FAA700EE53C1 /* AppDelegate.m */ = {isa = PBXFileReference; lastKnownFileType = sourcecode.c.objc; path = AppDelegate.m; sourceTree = "<group>"; };
		664E920827B0FAA700EE53C1 /* SceneDelegate.h */ = {isa = PBXFileReference; lastKnownFileType = sourcecode.c.h; path = SceneDelegate.h; sourceTree = "<group>"; };
		664E920927B0FAA700EE53C1 /* SceneDelegate.m */ = {isa = PBXFileReference; lastKnownFileType = sourcecode.c.objc; path = SceneDelegate.m; sourceTree = "<group>"; };
		664E920F27B0FAA700EE53C1 /* Base */ = {isa = PBXFileReference; lastKnownFileType = file.storyboard; name = Base; path = Base.lproj/Main.storyboard; sourceTree = "<group>"; };
		664E921127B0FAAA00EE53C1 /* Assets.xcassets */ = {isa = PBXFileReference; lastKnownFileType = folder.assetcatalog; path = Assets.xcassets; sourceTree = "<group>"; };
		664E921427B0FAAA00EE53C1 /* Base */ = {isa = PBXFileReference; lastKnownFileType = file.storyboard; name = Base; path = Base.lproj/LaunchScreen.storyboard; sourceTree = "<group>"; };
		664E921627B0FAAA00EE53C1 /* Info.plist */ = {isa = PBXFileReference; lastKnownFileType = text.plist.xml; path = Info.plist; sourceTree = "<group>"; };
		664E921727B0FAAA00EE53C1 /* main.m */ = {isa = PBXFileReference; lastKnownFileType = sourcecode.c.objc; path = main.m; sourceTree = "<group>"; };
		664E922127B11F6E00EE53C1 /* LoginViewController.h */ = {isa = PBXFileReference; lastKnownFileType = sourcecode.c.h; path = LoginViewController.h; sourceTree = "<group>"; };
		664E922227B11F6E00EE53C1 /* LoginViewController.m */ = {isa = PBXFileReference; lastKnownFileType = sourcecode.c.objc; path = LoginViewController.m; sourceTree = "<group>"; };
		664E922427B120DC00EE53C1 /* SignUpViewController.h */ = {isa = PBXFileReference; lastKnownFileType = sourcecode.c.h; path = SignUpViewController.h; sourceTree = "<group>"; };
		664E922527B120DC00EE53C1 /* SignUpViewController.m */ = {isa = PBXFileReference; lastKnownFileType = sourcecode.c.objc; path = SignUpViewController.m; sourceTree = "<group>"; };
		665119E727B6472300E6B4FF /* WinningReceiptViewController.h */ = {isa = PBXFileReference; lastKnownFileType = sourcecode.c.h; path = WinningReceiptViewController.h; sourceTree = "<group>"; };
		665119E827B6472300E6B4FF /* WinningReceiptViewController.m */ = {isa = PBXFileReference; lastKnownFileType = sourcecode.c.objc; path = WinningReceiptViewController.m; sourceTree = "<group>"; };
		665119EA27B64CDC00E6B4FF /* ShowWinningReceiptViewController.h */ = {isa = PBXFileReference; lastKnownFileType = sourcecode.c.h; path = ShowWinningReceiptViewController.h; sourceTree = "<group>"; };
		665119EB27B64CDC00E6B4FF /* ShowWinningReceiptViewController.m */ = {isa = PBXFileReference; lastKnownFileType = sourcecode.c.objc; path = ShowWinningReceiptViewController.m; sourceTree = "<group>"; };
		665119ED27B6737E00E6B4FF /* WinningReceiptTableViewCell.h */ = {isa = PBXFileReference; lastKnownFileType = sourcecode.c.h; path = WinningReceiptTableViewCell.h; sourceTree = "<group>"; };
		665119EE27B6737E00E6B4FF /* WinningReceiptTableViewCell.m */ = {isa = PBXFileReference; lastKnownFileType = sourcecode.c.objc; path = WinningReceiptTableViewCell.m; sourceTree = "<group>"; };
		665119F027B6837B00E6B4FF /* ShowWinningReceiptDetailViewController.h */ = {isa = PBXFileReference; lastKnownFileType = sourcecode.c.h; path = ShowWinningReceiptDetailViewController.h; sourceTree = "<group>"; };
		665119F127B6837B00E6B4FF /* ShowWinningReceiptDetailViewController.m */ = {isa = PBXFileReference; lastKnownFileType = sourcecode.c.objc; path = ShowWinningReceiptDetailViewController.m; sourceTree = "<group>"; };
		665119F327B692D000E6B4FF /* ShowWinningProductTableViewCell.h */ = {isa = PBXFileReference; lastKnownFileType = sourcecode.c.h; path = ShowWinningProductTableViewCell.h; sourceTree = "<group>"; };
		665119F427B692D000E6B4FF /* ShowWinningProductTableViewCell.m */ = {isa = PBXFileReference; lastKnownFileType = sourcecode.c.objc; path = ShowWinningProductTableViewCell.m; sourceTree = "<group>"; };
		6657BD3327BE8100004951E5 /* ReceiptApp_OCTests.xctest */ = {isa = PBXFileReference; explicitFileType = wrapper.cfbundle; includeInIndex = 0; path = ReceiptApp_OCTests.xctest; sourceTree = BUILT_PRODUCTS_DIR; };
		6657BD3527BE8100004951E5 /* ReceiptApp_OCTests.m */ = {isa = PBXFileReference; lastKnownFileType = sourcecode.c.objc; path = ReceiptApp_OCTests.m; sourceTree = "<group>"; };
		6675008D27B9F5A700541429 /* AnalyzeViewController.h */ = {isa = PBXFileReference; lastKnownFileType = sourcecode.c.h; path = AnalyzeViewController.h; sourceTree = "<group>"; };
		6675008E27B9F5A700541429 /* AnalyzeViewController.m */ = {isa = PBXFileReference; lastKnownFileType = sourcecode.c.objc; path = AnalyzeViewController.m; sourceTree = "<group>"; };
		6675009027BA417300541429 /* YearTextField.h */ = {isa = PBXFileReference; lastKnownFileType = sourcecode.c.h; path = YearTextField.h; sourceTree = "<group>"; };
		6675009127BA417300541429 /* YearTextField.m */ = {isa = PBXFileReference; lastKnownFileType = sourcecode.c.objc; path = YearTextField.m; sourceTree = "<group>"; };
		6675009327BA489000541429 /* MonthTextField.h */ = {isa = PBXFileReference; lastKnownFileType = sourcecode.c.h; path = MonthTextField.h; sourceTree = "<group>"; };
		6675009427BA489000541429 /* MonthTextField.m */ = {isa = PBXFileReference; lastKnownFileType = sourcecode.c.objc; path = MonthTextField.m; sourceTree = "<group>"; };
		6675009627BA48CD00541429 /* DayTextField.h */ = {isa = PBXFileReference; lastKnownFileType = sourcecode.c.h; path = DayTextField.h; sourceTree = "<group>"; };
		6675009727BA48CD00541429 /* DayTextField.m */ = {isa = PBXFileReference; lastKnownFileType = sourcecode.c.objc; path = DayTextField.m; sourceTree = "<group>"; };
		6675009927BA491D00541429 /* receipt2NumberTextField.h */ = {isa = PBXFileReference; lastKnownFileType = sourcecode.c.h; path = receipt2NumberTextField.h; sourceTree = "<group>"; };
		6675009A27BA491D00541429 /* receipt2NumberTextField.m */ = {isa = PBXFileReference; lastKnownFileType = sourcecode.c.objc; path = receipt2NumberTextField.m; sourceTree = "<group>"; };
		6675009C27BA496600541429 /* Receipt8NumberTextField.h */ = {isa = PBXFileReference; lastKnownFileType = sourcecode.c.h; path = Receipt8NumberTextField.h; sourceTree = "<group>"; };
		6675009D27BA496600541429 /* Receipt8NumberTextField.m */ = {isa = PBXFileReference; lastKnownFileType = sourcecode.c.objc; path = Receipt8NumberTextField.m; sourceTree = "<group>"; };
		66820EA927B956A700433D71 /* ShowReceiptBySearchViewController.h */ = {isa = PBXFileReference; lastKnownFileType = sourcecode.c.h; path = ShowReceiptBySearchViewController.h; sourceTree = "<group>"; };
		66820EAA27B956A700433D71 /* ShowReceiptBySearchViewController.m */ = {isa = PBXFileReference; lastKnownFileType = sourcecode.c.objc; path = ShowReceiptBySearchViewController.m; sourceTree = "<group>"; };
		66F2368627B24F1E007EB844 /* AddReceiptViewController.h */ = {isa = PBXFileReference; lastKnownFileType = sourcecode.c.h; path = AddReceiptViewController.h; sourceTree = "<group>"; };
		66F2368727B24F1E007EB844 /* AddReceiptViewController.m */ = {isa = PBXFileReference; lastKnownFileType = sourcecode.c.objc; path = AddReceiptViewController.m; sourceTree = "<group>"; };
		66F2368927B26D11007EB844 /* ProductTableViewCell.h */ = {isa = PBXFileReference; lastKnownFileType = sourcecode.c.h; path = ProductTableViewCell.h; sourceTree = "<group>"; };
		66F2368A27B26D11007EB844 /* ProductTableViewCell.m */ = {isa = PBXFileReference; lastKnownFileType = sourcecode.c.objc; path = ProductTableViewCell.m; sourceTree = "<group>"; };
		66F490FA27BAB8E6007460F4 /* GoogleService-Info.plist */ = {isa = PBXFileReference; fileEncoding = 4; lastKnownFileType = text.plist.xml; path = "GoogleService-Info.plist"; sourceTree = "<group>"; };
		9C6327353FBD3ABB52C839EC /* Pods_ReceiptApp_OCTests.framework */ = {isa = PBXFileReference; explicitFileType = wrapper.framework; includeInIndex = 0; path = Pods_ReceiptApp_OCTests.framework; sourceTree = BUILT_PRODUCTS_DIR; };
		B20A41E0BD663E4D50153DBD /* Pods-ReceiptApp_OCTests.release.xcconfig */ = {isa = PBXFileReference; includeInIndex = 1; lastKnownFileType = text.xcconfig; name = "Pods-ReceiptApp_OCTests.release.xcconfig"; path = "Target Support Files/Pods-ReceiptApp_OCTests/Pods-ReceiptApp_OCTests.release.xcconfig"; sourceTree = "<group>"; };
		C636B89971EC240700961575 /* Pods-ReceiptApp_OC.release.xcconfig */ = {isa = PBXFileReference; includeInIndex = 1; lastKnownFileType = text.xcconfig; name = "Pods-ReceiptApp_OC.release.xcconfig"; path = "Target Support Files/Pods-ReceiptApp_OC/Pods-ReceiptApp_OC.release.xcconfig"; sourceTree = "<group>"; };
/* End PBXFileReference section */

/* Begin PBXFrameworksBuildPhase section */
		664E91FF27B0FAA700EE53C1 /* Frameworks */ = {
			isa = PBXFrameworksBuildPhase;
			buildActionMask = 2147483647;
			files = (
				A3DF69ECED19F4720B6A19B5 /* Pods_ReceiptApp_OC.framework in Frameworks */,
			);
			runOnlyForDeploymentPostprocessing = 0;
		};
		6657BD3027BE8100004951E5 /* Frameworks */ = {
			isa = PBXFrameworksBuildPhase;
			buildActionMask = 2147483647;
			files = (
				8A8CA207D3E530DA3C0580F6 /* Pods_ReceiptApp_OCTests.framework in Frameworks */,
			);
			runOnlyForDeploymentPostprocessing = 0;
		};
/* End PBXFrameworksBuildPhase section */

/* Begin PBXGroup section */
		664E91F927B0FAA700EE53C1 = {
			isa = PBXGroup;
			children = (
				664E920427B0FAA700EE53C1 /* ReceiptApp_OC */,
				6657BD3427BE8100004951E5 /* ReceiptApp_OCTests */,
				664E920327B0FAA700EE53C1 /* Products */,
				E98DD1C93FD3873AB97C372D /* Pods */,
				DB5437E760B448445B034464 /* Frameworks */,
			);
			sourceTree = "<group>";
		};
		664E920327B0FAA700EE53C1 /* Products */ = {
			isa = PBXGroup;
			children = (
				664E920227B0FAA700EE53C1 /* ReceiptApp_OC.app */,
				6657BD3327BE8100004951E5 /* ReceiptApp_OCTests.xctest */,
			);
			name = Products;
			sourceTree = "<group>";
		};
		664E920427B0FAA700EE53C1 /* ReceiptApp_OC */ = {
			isa = PBXGroup;
			children = (
				66F490FA27BAB8E6007460F4 /* GoogleService-Info.plist */,
				664E922A27B1213100EE53C1 /* View */,
				664E922927B1210D00EE53C1 /* Model */,
				664E922827B1210200EE53C1 /* Storyboard */,
				664E922727B120E500EE53C1 /* Controller */,
				664E920527B0FAA700EE53C1 /* AppDelegate.h */,
				664E920627B0FAA700EE53C1 /* AppDelegate.m */,
				664E920827B0FAA700EE53C1 /* SceneDelegate.h */,
				664E920927B0FAA700EE53C1 /* SceneDelegate.m */,
				664E921127B0FAAA00EE53C1 /* Assets.xcassets */,
				664E921627B0FAAA00EE53C1 /* Info.plist */,
				664E921727B0FAAA00EE53C1 /* main.m */,
			);
			path = ReceiptApp_OC;
			sourceTree = "<group>";
		};
		664E922727B120E500EE53C1 /* Controller */ = {
			isa = PBXGroup;
			children = (
				664E922127B11F6E00EE53C1 /* LoginViewController.h */,
				664E922227B11F6E00EE53C1 /* LoginViewController.m */,
				664E922427B120DC00EE53C1 /* SignUpViewController.h */,
				664E922527B120DC00EE53C1 /* SignUpViewController.m */,
				660C74B527B15E220085BA8D /* ProfileViewController.h */,
				660C74B627B15E220085BA8D /* ProfileViewController.m */,
				66F2368627B24F1E007EB844 /* AddReceiptViewController.h */,
				66F2368727B24F1E007EB844 /* AddReceiptViewController.m */,
				6623F22A27B2A597009CFF54 /* AddProductViewController.h */,
				6623F22B27B2A597009CFF54 /* AddProductViewController.m */,
				6623F23027B2D1C5009CFF54 /* EditProductViewController.h */,
				6623F23127B2D1C5009CFF54 /* EditProductViewController.m */,
				662343A927B36D43002A29D4 /* ScannerViewController.h */,
				662343AA27B36D43002A29D4 /* ScannerViewController.m */,
				663C6CFD27B4E9510073C1CB /* ShowReceiptViewController.h */,
				663C6CFE27B4E9510073C1CB /* ShowReceiptViewController.m */,
				663C6D0627B55AF70073C1CB /* ShowReceiptDetailViewController.h */,
				663C6D0727B55AF70073C1CB /* ShowReceiptDetailViewController.m */,
				665119E727B6472300E6B4FF /* WinningReceiptViewController.h */,
				665119E827B6472300E6B4FF /* WinningReceiptViewController.m */,
				665119EA27B64CDC00E6B4FF /* ShowWinningReceiptViewController.h */,
				665119EB27B64CDC00E6B4FF /* ShowWinningReceiptViewController.m */,
				665119F027B6837B00E6B4FF /* ShowWinningReceiptDetailViewController.h */,
				665119F127B6837B00E6B4FF /* ShowWinningReceiptDetailViewController.m */,
				6630D86527B8015200892A7E /* ShowReceiptByDateViewController.h */,
				6630D86627B8015200892A7E /* ShowReceiptByDateViewController.m */,
				66820EA927B956A700433D71 /* ShowReceiptBySearchViewController.h */,
				66820EAA27B956A700433D71 /* ShowReceiptBySearchViewController.m */,
				6675008D27B9F5A700541429 /* AnalyzeViewController.h */,
				6675008E27B9F5A700541429 /* AnalyzeViewController.m */,
			);
			path = Controller;
			sourceTree = "<group>";
		};
		664E922827B1210200EE53C1 /* Storyboard */ = {
			isa = PBXGroup;
			children = (
				664E920E27B0FAA700EE53C1 /* Main.storyboard */,
				664E921327B0FAAA00EE53C1 /* LaunchScreen.storyboard */,
			);
			path = Storyboard;
			sourceTree = "<group>";
		};
		664E922927B1210D00EE53C1 /* Model */ = {
			isa = PBXGroup;
			children = (
				6623F22D27B2D07A009CFF54 /* Product.h */,
				6623F22E27B2D07A009CFF54 /* Product.m */,
				662343A627B35F22002A29D4 /* Receipt.h */,
				662343A727B35F22002A29D4 /* Receipt.m */,
				66145D3E27BD53F100E2ACE7 /* AnalyzeData.h */,
				66145D3F27BD53F100E2ACE7 /* AnalyzeData.m */,
			);
			path = Model;
			sourceTree = "<group>";
		};
		664E922A27B1213100EE53C1 /* View */ = {
			isa = PBXGroup;
			children = (
				66F2368927B26D11007EB844 /* ProductTableViewCell.h */,
				66F2368A27B26D11007EB844 /* ProductTableViewCell.m */,
				663C6D0327B506CC0073C1CB /* ReceiptTableViewCell.h */,
				663C6D0427B506CC0073C1CB /* ReceiptTableViewCell.m */,
				663C6D0927B5721A0073C1CB /* ShowProductTableViewCell.h */,
				663C6D0A27B5721A0073C1CB /* ShowProductTableViewCell.m */,
				665119ED27B6737E00E6B4FF /* WinningReceiptTableViewCell.h */,
				665119EE27B6737E00E6B4FF /* WinningReceiptTableViewCell.m */,
				665119F327B692D000E6B4FF /* ShowWinningProductTableViewCell.h */,
				665119F427B692D000E6B4FF /* ShowWinningProductTableViewCell.m */,
				6675009027BA417300541429 /* YearTextField.h */,
				6675009127BA417300541429 /* YearTextField.m */,
				6675009327BA489000541429 /* MonthTextField.h */,
				6675009427BA489000541429 /* MonthTextField.m */,
				6675009627BA48CD00541429 /* DayTextField.h */,
				6675009727BA48CD00541429 /* DayTextField.m */,
				6675009927BA491D00541429 /* receipt2NumberTextField.h */,
				6675009A27BA491D00541429 /* receipt2NumberTextField.m */,
				6675009C27BA496600541429 /* Receipt8NumberTextField.h */,
				6675009D27BA496600541429 /* Receipt8NumberTextField.m */,
			);
			path = View;
			sourceTree = "<group>";
		};
		6657BD3427BE8100004951E5 /* ReceiptApp_OCTests */ = {
			isa = PBXGroup;
			children = (
				6657BD3527BE8100004951E5 /* ReceiptApp_OCTests.m */,
				281B3B3227BF327600D19E65 /* LoginVCTests.m */,
			);
			path = ReceiptApp_OCTests;
			sourceTree = "<group>";
		};
		DB5437E760B448445B034464 /* Frameworks */ = {
			isa = PBXGroup;
			children = (
				3DDA33B471F6D3793FC6F102 /* Pods_ReceiptApp_OC.framework */,
				9C6327353FBD3ABB52C839EC /* Pods_ReceiptApp_OCTests.framework */,
			);
			name = Frameworks;
			sourceTree = "<group>";
		};
		E98DD1C93FD3873AB97C372D /* Pods */ = {
			isa = PBXGroup;
			children = (
				3F624C6FBE5C3D9CBD5A37DD /* Pods-ReceiptApp_OC.debug.xcconfig */,
				C636B89971EC240700961575 /* Pods-ReceiptApp_OC.release.xcconfig */,
				0CBEAFCF9B407A9125EE114C /* Pods-ReceiptApp_OCTests.debug.xcconfig */,
				B20A41E0BD663E4D50153DBD /* Pods-ReceiptApp_OCTests.release.xcconfig */,
			);
			path = Pods;
			sourceTree = "<group>";
		};
/* End PBXGroup section */

/* Begin PBXNativeTarget section */
		664E920127B0FAA700EE53C1 /* ReceiptApp_OC */ = {
			isa = PBXNativeTarget;
			buildConfigurationList = 664E921B27B0FAAA00EE53C1 /* Build configuration list for PBXNativeTarget "ReceiptApp_OC" */;
			buildPhases = (
				1B47C4AE28CE21F951FDFA6A /* [CP] Check Pods Manifest.lock */,
				664E91FE27B0FAA700EE53C1 /* Sources */,
				664E91FF27B0FAA700EE53C1 /* Frameworks */,
				664E920027B0FAA700EE53C1 /* Resources */,
				D655D9DCEF123BDAE41FF01C /* [CP] Embed Pods Frameworks */,
			);
			buildRules = (
			);
			dependencies = (
			);
			name = ReceiptApp_OC;
			productName = ReceiptApp_OC;
			productReference = 664E920227B0FAA700EE53C1 /* ReceiptApp_OC.app */;
			productType = "com.apple.product-type.application";
		};
		6657BD3227BE8100004951E5 /* ReceiptApp_OCTests */ = {
			isa = PBXNativeTarget;
			buildConfigurationList = 6657BD3B27BE8100004951E5 /* Build configuration list for PBXNativeTarget "ReceiptApp_OCTests" */;
			buildPhases = (
				4E2F04C2B854A07CEA0DAFFA /* [CP] Check Pods Manifest.lock */,
				6657BD2F27BE8100004951E5 /* Sources */,
				6657BD3027BE8100004951E5 /* Frameworks */,
				6657BD3127BE8100004951E5 /* Resources */,
				09D9649B63E955D8530042BF /* [CP] Embed Pods Frameworks */,
			);
			buildRules = (
			);
			dependencies = (
				6657BD3827BE8100004951E5 /* PBXTargetDependency */,
			);
			name = ReceiptApp_OCTests;
			productName = ReceiptApp_OCTests;
			productReference = 6657BD3327BE8100004951E5 /* ReceiptApp_OCTests.xctest */;
			productType = "com.apple.product-type.bundle.unit-test";
		};
/* End PBXNativeTarget section */

/* Begin PBXProject section */
		664E91FA27B0FAA700EE53C1 /* Project object */ = {
			isa = PBXProject;
			attributes = {
				BuildIndependentTargetsInParallel = 1;
				LastUpgradeCheck = 1320;
				TargetAttributes = {
					664E920127B0FAA700EE53C1 = {
						CreatedOnToolsVersion = 13.2;
					};
					6657BD3227BE8100004951E5 = {
						CreatedOnToolsVersion = 13.2;
						TestTargetID = 664E920127B0FAA700EE53C1;
					};
				};
			};
			buildConfigurationList = 664E91FD27B0FAA700EE53C1 /* Build configuration list for PBXProject "ReceiptApp_OC" */;
			compatibilityVersion = "Xcode 13.0";
			developmentRegion = en;
			hasScannedForEncodings = 0;
			knownRegions = (
				en,
				Base,
			);
			mainGroup = 664E91F927B0FAA700EE53C1;
			productRefGroup = 664E920327B0FAA700EE53C1 /* Products */;
			projectDirPath = "";
			projectRoot = "";
			targets = (
				664E920127B0FAA700EE53C1 /* ReceiptApp_OC */,
				6657BD3227BE8100004951E5 /* ReceiptApp_OCTests */,
			);
		};
/* End PBXProject section */

/* Begin PBXResourcesBuildPhase section */
		664E920027B0FAA700EE53C1 /* Resources */ = {
			isa = PBXResourcesBuildPhase;
			buildActionMask = 2147483647;
			files = (
				664E921527B0FAAA00EE53C1 /* LaunchScreen.storyboard in Resources */,
				66F490FB27BAB8E6007460F4 /* GoogleService-Info.plist in Resources */,
				664E921227B0FAAA00EE53C1 /* Assets.xcassets in Resources */,
				664E921027B0FAA700EE53C1 /* Main.storyboard in Resources */,
			);
			runOnlyForDeploymentPostprocessing = 0;
		};
		6657BD3127BE8100004951E5 /* Resources */ = {
			isa = PBXResourcesBuildPhase;
			buildActionMask = 2147483647;
			files = (
			);
			runOnlyForDeploymentPostprocessing = 0;
		};
/* End PBXResourcesBuildPhase section */

/* Begin PBXShellScriptBuildPhase section */
		09D9649B63E955D8530042BF /* [CP] Embed Pods Frameworks */ = {
			isa = PBXShellScriptBuildPhase;
			buildActionMask = 2147483647;
			files = (
			);
			inputFileListPaths = (
				"${PODS_ROOT}/Target Support Files/Pods-ReceiptApp_OCTests/Pods-ReceiptApp_OCTests-frameworks-${CONFIGURATION}-input-files.xcfilelist",
			);
			name = "[CP] Embed Pods Frameworks";
			outputFileListPaths = (
				"${PODS_ROOT}/Target Support Files/Pods-ReceiptApp_OCTests/Pods-ReceiptApp_OCTests-frameworks-${CONFIGURATION}-output-files.xcfilelist",
			);
			runOnlyForDeploymentPostprocessing = 0;
			shellPath = /bin/sh;
			shellScript = "\"${PODS_ROOT}/Target Support Files/Pods-ReceiptApp_OCTests/Pods-ReceiptApp_OCTests-frameworks.sh\"\n";
			showEnvVarsInLog = 0;
		};
		1B47C4AE28CE21F951FDFA6A /* [CP] Check Pods Manifest.lock */ = {
			isa = PBXShellScriptBuildPhase;
			buildActionMask = 2147483647;
			files = (
			);
			inputFileListPaths = (
			);
			inputPaths = (
				"${PODS_PODFILE_DIR_PATH}/Podfile.lock",
				"${PODS_ROOT}/Manifest.lock",
			);
			name = "[CP] Check Pods Manifest.lock";
			outputFileListPaths = (
			);
			outputPaths = (
				"$(DERIVED_FILE_DIR)/Pods-ReceiptApp_OC-checkManifestLockResult.txt",
			);
			runOnlyForDeploymentPostprocessing = 0;
			shellPath = /bin/sh;
			shellScript = "diff \"${PODS_PODFILE_DIR_PATH}/Podfile.lock\" \"${PODS_ROOT}/Manifest.lock\" > /dev/null\nif [ $? != 0 ] ; then\n    # print error to STDERR\n    echo \"error: The sandbox is not in sync with the Podfile.lock. Run 'pod install' or update your CocoaPods installation.\" >&2\n    exit 1\nfi\n# This output is used by Xcode 'outputs' to avoid re-running this script phase.\necho \"SUCCESS\" > \"${SCRIPT_OUTPUT_FILE_0}\"\n";
			showEnvVarsInLog = 0;
		};
		4E2F04C2B854A07CEA0DAFFA /* [CP] Check Pods Manifest.lock */ = {
			isa = PBXShellScriptBuildPhase;
			buildActionMask = 2147483647;
			files = (
			);
			inputFileListPaths = (
			);
			inputPaths = (
				"${PODS_PODFILE_DIR_PATH}/Podfile.lock",
				"${PODS_ROOT}/Manifest.lock",
			);
			name = "[CP] Check Pods Manifest.lock";
			outputFileListPaths = (
			);
			outputPaths = (
				"$(DERIVED_FILE_DIR)/Pods-ReceiptApp_OCTests-checkManifestLockResult.txt",
			);
			runOnlyForDeploymentPostprocessing = 0;
			shellPath = /bin/sh;
			shellScript = "diff \"${PODS_PODFILE_DIR_PATH}/Podfile.lock\" \"${PODS_ROOT}/Manifest.lock\" > /dev/null\nif [ $? != 0 ] ; then\n    # print error to STDERR\n    echo \"error: The sandbox is not in sync with the Podfile.lock. Run 'pod install' or update your CocoaPods installation.\" >&2\n    exit 1\nfi\n# This output is used by Xcode 'outputs' to avoid re-running this script phase.\necho \"SUCCESS\" > \"${SCRIPT_OUTPUT_FILE_0}\"\n";
			showEnvVarsInLog = 0;
		};
		D655D9DCEF123BDAE41FF01C /* [CP] Embed Pods Frameworks */ = {
			isa = PBXShellScriptBuildPhase;
			buildActionMask = 2147483647;
			files = (
			);
			inputFileListPaths = (
				"${PODS_ROOT}/Target Support Files/Pods-ReceiptApp_OC/Pods-ReceiptApp_OC-frameworks-${CONFIGURATION}-input-files.xcfilelist",
			);
			name = "[CP] Embed Pods Frameworks";
			outputFileListPaths = (
				"${PODS_ROOT}/Target Support Files/Pods-ReceiptApp_OC/Pods-ReceiptApp_OC-frameworks-${CONFIGURATION}-output-files.xcfilelist",
			);
			runOnlyForDeploymentPostprocessing = 0;
			shellPath = /bin/sh;
			shellScript = "\"${PODS_ROOT}/Target Support Files/Pods-ReceiptApp_OC/Pods-ReceiptApp_OC-frameworks.sh\"\n";
			showEnvVarsInLog = 0;
		};
/* End PBXShellScriptBuildPhase section */

/* Begin PBXSourcesBuildPhase section */
		664E91FE27B0FAA700EE53C1 /* Sources */ = {
			isa = PBXSourcesBuildPhase;
			buildActionMask = 2147483647;
			files = (
				663C6D0527B506CC0073C1CB /* ReceiptTableViewCell.m in Sources */,
				663C6D0827B55AF70073C1CB /* ShowReceiptDetailViewController.m in Sources */,
				665119EC27B64CDC00E6B4FF /* ShowWinningReceiptViewController.m in Sources */,
				663C6CFF27B4E9510073C1CB /* ShowReceiptViewController.m in Sources */,
				664E920727B0FAA700EE53C1 /* AppDelegate.m in Sources */,
				6675009527BA489000541429 /* MonthTextField.m in Sources */,
				6623F22F27B2D07A009CFF54 /* Product.m in Sources */,
				6623F23227B2D1C5009CFF54 /* EditProductViewController.m in Sources */,
				6623F22C27B2A597009CFF54 /* AddProductViewController.m in Sources */,
				6675008F27B9F5A700541429 /* AnalyzeViewController.m in Sources */,
				66F2368827B24F1E007EB844 /* AddReceiptViewController.m in Sources */,
				665119EF27B6737E00E6B4FF /* WinningReceiptTableViewCell.m in Sources */,
				6630D86727B8015200892A7E /* ShowReceiptByDateViewController.m in Sources */,
				6675009227BA417300541429 /* YearTextField.m in Sources */,
				664E922627B120DC00EE53C1 /* SignUpViewController.m in Sources */,
				665119F227B6837B00E6B4FF /* ShowWinningReceiptDetailViewController.m in Sources */,
				663C6D0B27B5721A0073C1CB /* ShowProductTableViewCell.m in Sources */,
				664E921827B0FAAA00EE53C1 /* main.m in Sources */,
				662343AB27B36D43002A29D4 /* ScannerViewController.m in Sources */,
				664E920A27B0FAA700EE53C1 /* SceneDelegate.m in Sources */,
				662343A827B35F22002A29D4 /* Receipt.m in Sources */,
				66F2368B27B26D11007EB844 /* ProductTableViewCell.m in Sources */,
				66820EAB27B956A700433D71 /* ShowReceiptBySearchViewController.m in Sources */,
				660C74B727B15E220085BA8D /* ProfileViewController.m in Sources */,
				6675009827BA48CD00541429 /* DayTextField.m in Sources */,
				6675009B27BA491D00541429 /* receipt2NumberTextField.m in Sources */,
				6675009E27BA496600541429 /* Receipt8NumberTextField.m in Sources */,
				665119E927B6472300E6B4FF /* WinningReceiptViewController.m in Sources */,
				664E922327B11F6E00EE53C1 /* LoginViewController.m in Sources */,
				66145D4027BD53F100E2ACE7 /* AnalyzeData.m in Sources */,
				665119F527B692D000E6B4FF /* ShowWinningProductTableViewCell.m in Sources */,
			);
			runOnlyForDeploymentPostprocessing = 0;
		};
		6657BD2F27BE8100004951E5 /* Sources */ = {
			isa = PBXSourcesBuildPhase;
			buildActionMask = 2147483647;
			files = (
				281B3B3327BF327600D19E65 /* LoginVCTests.m in Sources */,
				6657BD3627BE8100004951E5 /* ReceiptApp_OCTests.m in Sources */,
			);
			runOnlyForDeploymentPostprocessing = 0;
		};
/* End PBXSourcesBuildPhase section */

/* Begin PBXTargetDependency section */
		6657BD3827BE8100004951E5 /* PBXTargetDependency */ = {
			isa = PBXTargetDependency;
			target = 664E920127B0FAA700EE53C1 /* ReceiptApp_OC */;
			targetProxy = 6657BD3727BE8100004951E5 /* PBXContainerItemProxy */;
		};
/* End PBXTargetDependency section */

/* Begin PBXVariantGroup section */
		664E920E27B0FAA700EE53C1 /* Main.storyboard */ = {
			isa = PBXVariantGroup;
			children = (
				664E920F27B0FAA700EE53C1 /* Base */,
			);
			name = Main.storyboard;
			sourceTree = "<group>";
		};
		664E921327B0FAAA00EE53C1 /* LaunchScreen.storyboard */ = {
			isa = PBXVariantGroup;
			children = (
				664E921427B0FAAA00EE53C1 /* Base */,
			);
			name = LaunchScreen.storyboard;
			sourceTree = "<group>";
		};
/* End PBXVariantGroup section */

/* Begin XCBuildConfiguration section */
		664E921927B0FAAA00EE53C1 /* Debug */ = {
			isa = XCBuildConfiguration;
			buildSettings = {
				ALWAYS_SEARCH_USER_PATHS = NO;
				CLANG_ANALYZER_NONNULL = YES;
				CLANG_ANALYZER_NUMBER_OBJECT_CONVERSION = YES_AGGRESSIVE;
				CLANG_CXX_LANGUAGE_STANDARD = "gnu++17";
				CLANG_CXX_LIBRARY = "libc++";
				CLANG_ENABLE_MODULES = YES;
				CLANG_ENABLE_OBJC_ARC = YES;
				CLANG_ENABLE_OBJC_WEAK = YES;
				CLANG_WARN_BLOCK_CAPTURE_AUTORELEASING = YES;
				CLANG_WARN_BOOL_CONVERSION = YES;
				CLANG_WARN_COMMA = YES;
				CLANG_WARN_CONSTANT_CONVERSION = YES;
				CLANG_WARN_DEPRECATED_OBJC_IMPLEMENTATIONS = YES;
				CLANG_WARN_DIRECT_OBJC_ISA_USAGE = YES_ERROR;
				CLANG_WARN_DOCUMENTATION_COMMENTS = YES;
				CLANG_WARN_EMPTY_BODY = YES;
				CLANG_WARN_ENUM_CONVERSION = YES;
				CLANG_WARN_INFINITE_RECURSION = YES;
				CLANG_WARN_INT_CONVERSION = YES;
				CLANG_WARN_NON_LITERAL_NULL_CONVERSION = YES;
				CLANG_WARN_OBJC_IMPLICIT_RETAIN_SELF = YES;
				CLANG_WARN_OBJC_LITERAL_CONVERSION = YES;
				CLANG_WARN_OBJC_ROOT_CLASS = YES_ERROR;
				CLANG_WARN_QUOTED_INCLUDE_IN_FRAMEWORK_HEADER = YES;
				CLANG_WARN_RANGE_LOOP_ANALYSIS = YES;
				CLANG_WARN_STRICT_PROTOTYPES = YES;
				CLANG_WARN_SUSPICIOUS_MOVE = YES;
				CLANG_WARN_UNGUARDED_AVAILABILITY = YES_AGGRESSIVE;
				CLANG_WARN_UNREACHABLE_CODE = YES;
				CLANG_WARN__DUPLICATE_METHOD_MATCH = YES;
				COPY_PHASE_STRIP = NO;
				DEBUG_INFORMATION_FORMAT = dwarf;
				ENABLE_STRICT_OBJC_MSGSEND = YES;
				ENABLE_TESTABILITY = YES;
				GCC_C_LANGUAGE_STANDARD = gnu11;
				GCC_DYNAMIC_NO_PIC = NO;
				GCC_NO_COMMON_BLOCKS = YES;
				GCC_OPTIMIZATION_LEVEL = 0;
				GCC_PREPROCESSOR_DEFINITIONS = (
					"DEBUG=1",
					"$(inherited)",
				);
				GCC_WARN_64_TO_32_BIT_CONVERSION = YES;
				GCC_WARN_ABOUT_RETURN_TYPE = YES_ERROR;
				GCC_WARN_UNDECLARED_SELECTOR = YES;
				GCC_WARN_UNINITIALIZED_AUTOS = YES_AGGRESSIVE;
				GCC_WARN_UNUSED_FUNCTION = YES;
				GCC_WARN_UNUSED_VARIABLE = YES;
				IPHONEOS_DEPLOYMENT_TARGET = 15.2;
				MTL_ENABLE_DEBUG_INFO = INCLUDE_SOURCE;
				MTL_FAST_MATH = YES;
				ONLY_ACTIVE_ARCH = YES;
				SDKROOT = iphoneos;
			};
			name = Debug;
		};
		664E921A27B0FAAA00EE53C1 /* Release */ = {
			isa = XCBuildConfiguration;
			buildSettings = {
				ALWAYS_SEARCH_USER_PATHS = NO;
				CLANG_ANALYZER_NONNULL = YES;
				CLANG_ANALYZER_NUMBER_OBJECT_CONVERSION = YES_AGGRESSIVE;
				CLANG_CXX_LANGUAGE_STANDARD = "gnu++17";
				CLANG_CXX_LIBRARY = "libc++";
				CLANG_ENABLE_MODULES = YES;
				CLANG_ENABLE_OBJC_ARC = YES;
				CLANG_ENABLE_OBJC_WEAK = YES;
				CLANG_WARN_BLOCK_CAPTURE_AUTORELEASING = YES;
				CLANG_WARN_BOOL_CONVERSION = YES;
				CLANG_WARN_COMMA = YES;
				CLANG_WARN_CONSTANT_CONVERSION = YES;
				CLANG_WARN_DEPRECATED_OBJC_IMPLEMENTATIONS = YES;
				CLANG_WARN_DIRECT_OBJC_ISA_USAGE = YES_ERROR;
				CLANG_WARN_DOCUMENTATION_COMMENTS = YES;
				CLANG_WARN_EMPTY_BODY = YES;
				CLANG_WARN_ENUM_CONVERSION = YES;
				CLANG_WARN_INFINITE_RECURSION = YES;
				CLANG_WARN_INT_CONVERSION = YES;
				CLANG_WARN_NON_LITERAL_NULL_CONVERSION = YES;
				CLANG_WARN_OBJC_IMPLICIT_RETAIN_SELF = YES;
				CLANG_WARN_OBJC_LITERAL_CONVERSION = YES;
				CLANG_WARN_OBJC_ROOT_CLASS = YES_ERROR;
				CLANG_WARN_QUOTED_INCLUDE_IN_FRAMEWORK_HEADER = YES;
				CLANG_WARN_RANGE_LOOP_ANALYSIS = YES;
				CLANG_WARN_STRICT_PROTOTYPES = YES;
				CLANG_WARN_SUSPICIOUS_MOVE = YES;
				CLANG_WARN_UNGUARDED_AVAILABILITY = YES_AGGRESSIVE;
				CLANG_WARN_UNREACHABLE_CODE = YES;
				CLANG_WARN__DUPLICATE_METHOD_MATCH = YES;
				COPY_PHASE_STRIP = NO;
				DEBUG_INFORMATION_FORMAT = "dwarf-with-dsym";
				ENABLE_NS_ASSERTIONS = NO;
				ENABLE_STRICT_OBJC_MSGSEND = YES;
				GCC_C_LANGUAGE_STANDARD = gnu11;
				GCC_NO_COMMON_BLOCKS = YES;
				GCC_WARN_64_TO_32_BIT_CONVERSION = YES;
				GCC_WARN_ABOUT_RETURN_TYPE = YES_ERROR;
				GCC_WARN_UNDECLARED_SELECTOR = YES;
				GCC_WARN_UNINITIALIZED_AUTOS = YES_AGGRESSIVE;
				GCC_WARN_UNUSED_FUNCTION = YES;
				GCC_WARN_UNUSED_VARIABLE = YES;
				IPHONEOS_DEPLOYMENT_TARGET = 15.2;
				MTL_ENABLE_DEBUG_INFO = NO;
				MTL_FAST_MATH = YES;
				SDKROOT = iphoneos;
				VALIDATE_PRODUCT = YES;
			};
			name = Release;
		};
		664E921C27B0FAAA00EE53C1 /* Debug */ = {
			isa = XCBuildConfiguration;
			baseConfigurationReference = 3F624C6FBE5C3D9CBD5A37DD /* Pods-ReceiptApp_OC.debug.xcconfig */;
			buildSettings = {
				ASSETCATALOG_COMPILER_APPICON_NAME = AppIcon;
				ASSETCATALOG_COMPILER_GLOBAL_ACCENT_COLOR_NAME = AccentColor;
				CODE_SIGN_STYLE = Automatic;
				CURRENT_PROJECT_VERSION = 1;
				DEVELOPMENT_TEAM = 6AM223RC6B;
				GENERATE_INFOPLIST_FILE = YES;
				INFOPLIST_FILE = ReceiptApp_OC/Info.plist;
				INFOPLIST_KEY_NSCameraUsageDescription = "";
				INFOPLIST_KEY_UIApplicationSupportsIndirectInputEvents = YES;
				INFOPLIST_KEY_UILaunchStoryboardName = LaunchScreen;
				INFOPLIST_KEY_UIMainStoryboardFile = Main;
				INFOPLIST_KEY_UISupportedInterfaceOrientations_iPad = "UIInterfaceOrientationPortrait UIInterfaceOrientationPortraitUpsideDown UIInterfaceOrientationLandscapeLeft UIInterfaceOrientationLandscapeRight";
				INFOPLIST_KEY_UISupportedInterfaceOrientations_iPhone = "UIInterfaceOrientationPortrait UIInterfaceOrientationLandscapeLeft UIInterfaceOrientationLandscapeRight";
				LD_RUNPATH_SEARCH_PATHS = (
					"$(inherited)",
					"@executable_path/Frameworks",
				);
				MARKETING_VERSION = 1.0;
				PRODUCT_BUNDLE_IDENTIFIER = "tsaisi7.ReceiptApp-OC";
				PRODUCT_NAME = "$(TARGET_NAME)";
				SWIFT_EMIT_LOC_STRINGS = YES;
				TARGETED_DEVICE_FAMILY = 1;
			};
			name = Debug;
		};
		664E921D27B0FAAA00EE53C1 /* Release */ = {
			isa = XCBuildConfiguration;
			baseConfigurationReference = C636B89971EC240700961575 /* Pods-ReceiptApp_OC.release.xcconfig */;
			buildSettings = {
				ASSETCATALOG_COMPILER_APPICON_NAME = AppIcon;
				ASSETCATALOG_COMPILER_GLOBAL_ACCENT_COLOR_NAME = AccentColor;
				CODE_SIGN_STYLE = Automatic;
				CURRENT_PROJECT_VERSION = 1;
				DEVELOPMENT_TEAM = 6AM223RC6B;
				GENERATE_INFOPLIST_FILE = YES;
				INFOPLIST_FILE = ReceiptApp_OC/Info.plist;
				INFOPLIST_KEY_NSCameraUsageDescription = "";
				INFOPLIST_KEY_UIApplicationSupportsIndirectInputEvents = YES;
				INFOPLIST_KEY_UILaunchStoryboardName = LaunchScreen;
				INFOPLIST_KEY_UIMainStoryboardFile = Main;
				INFOPLIST_KEY_UISupportedInterfaceOrientations_iPad = "UIInterfaceOrientationPortrait UIInterfaceOrientationPortraitUpsideDown UIInterfaceOrientationLandscapeLeft UIInterfaceOrientationLandscapeRight";
				INFOPLIST_KEY_UISupportedInterfaceOrientations_iPhone = "UIInterfaceOrientationPortrait UIInterfaceOrientationLandscapeLeft UIInterfaceOrientationLandscapeRight";
				LD_RUNPATH_SEARCH_PATHS = (
					"$(inherited)",
					"@executable_path/Frameworks",
				);
				MARKETING_VERSION = 1.0;
				PRODUCT_BUNDLE_IDENTIFIER = "tsaisi7.ReceiptApp-OC";
				PRODUCT_NAME = "$(TARGET_NAME)";
				SWIFT_EMIT_LOC_STRINGS = YES;
				TARGETED_DEVICE_FAMILY = 1;
			};
			name = Release;
		};
		6657BD3927BE8100004951E5 /* Debug */ = {
			isa = XCBuildConfiguration;
			baseConfigurationReference = 0CBEAFCF9B407A9125EE114C /* Pods-ReceiptApp_OCTests.debug.xcconfig */;
			buildSettings = {
				BUNDLE_LOADER = "$(TEST_HOST)";
				CODE_SIGN_STYLE = Automatic;
				CURRENT_PROJECT_VERSION = 1;
				DEVELOPMENT_TEAM = 6AM223RC6B;
				GENERATE_INFOPLIST_FILE = YES;
				MARKETING_VERSION = 1.0;
				PRODUCT_BUNDLE_IDENTIFIER = "com.tsaisi7.ReceiptApp-OCTests";
				PRODUCT_NAME = "$(TARGET_NAME)";
				SWIFT_EMIT_LOC_STRINGS = NO;
				TARGETED_DEVICE_FAMILY = "1,2";
				TEST_HOST = "$(BUILT_PRODUCTS_DIR)/ReceiptApp_OC.app/ReceiptApp_OC";
			};
			name = Debug;
		};
		6657BD3A27BE8100004951E5 /* Release */ = {
			isa = XCBuildConfiguration;
			baseConfigurationReference = B20A41E0BD663E4D50153DBD /* Pods-ReceiptApp_OCTests.release.xcconfig */;
			buildSettings = {
				BUNDLE_LOADER = "$(TEST_HOST)";
				CODE_SIGN_STYLE = Automatic;
				CURRENT_PROJECT_VERSION = 1;
				DEVELOPMENT_TEAM = 6AM223RC6B;
				GENERATE_INFOPLIST_FILE = YES;
				MARKETING_VERSION = 1.0;
				PRODUCT_BUNDLE_IDENTIFIER = "com.tsaisi7.ReceiptApp-OCTests";
				PRODUCT_NAME = "$(TARGET_NAME)";
				SWIFT_EMIT_LOC_STRINGS = NO;
				TARGETED_DEVICE_FAMILY = "1,2";
				TEST_HOST = "$(BUILT_PRODUCTS_DIR)/ReceiptApp_OC.app/ReceiptApp_OC";
			};
			name = Release;
		};
/* End XCBuildConfiguration section */

/* Begin XCConfigurationList section */
		664E91FD27B0FAA700EE53C1 /* Build configuration list for PBXProject "ReceiptApp_OC" */ = {
			isa = XCConfigurationList;
			buildConfigurations = (
				664E921927B0FAAA00EE53C1 /* Debug */,
				664E921A27B0FAAA00EE53C1 /* Release */,
			);
			defaultConfigurationIsVisible = 0;
			defaultConfigurationName = Release;
		};
		664E921B27B0FAAA00EE53C1 /* Build configuration list for PBXNativeTarget "ReceiptApp_OC" */ = {
			isa = XCConfigurationList;
			buildConfigurations = (
				664E921C27B0FAAA00EE53C1 /* Debug */,
				664E921D27B0FAAA00EE53C1 /* Release */,
			);
			defaultConfigurationIsVisible = 0;
			defaultConfigurationName = Release;
		};
		6657BD3B27BE8100004951E5 /* Build configuration list for PBXNativeTarget "ReceiptApp_OCTests" */ = {
			isa = XCConfigurationList;
			buildConfigurations = (
				6657BD3927BE8100004951E5 /* Debug */,
				6657BD3A27BE8100004951E5 /* Release */,
			);
			defaultConfigurationIsVisible = 0;
			defaultConfigurationName = Release;
		};
/* End XCConfigurationList section */
	};
	rootObject = 664E91FA27B0FAA700EE53C1 /* Project object */;
}
